
Microsoft Visual Studio Solution File, Format Version 12.00
# Visual Studio Version 16
VisualStudioVersion = 16.0.31613.86
MinimumVisualStudioVersion = 10.0.40219.1
Project("{FAE04EC0-301F-11D3-BF4B-00C04F79EFBC}") = "3QuestionsRecreation", "3QuestionsRecreation.csproj", "{21AA4275-0B01-40AA-802D-70BEBD5D7D9F}"
EndProject
Global
	GlobalSection(SolutionConfigurationPlatforms) = preSolution
		Debug|Any CPU = Debug|Any CPU
		Release|Any CPU = Release|Any CPU
	EndGlobalSection
	GlobalSection(ProjectConfigurationPlatforms) = postSolution
		{21AA4275-0B01-40AA-802D-70BEBD5D7D9F}.Debug|Any CPU.ActiveCfg = Debug|Any CPU
		{21AA4275-0B01-40AA-802D-70BEBD5D7D9F}.Debug|Any CPU.Build.0 = Debug|Any CPU
		{21AA4275-0B01-40AA-802D-70BEBD5D7D9F}.Release|Any CPU.ActiveCfg = Release|Any CPU
		{21AA4275-0B01-40AA-802D-70BEBD5D7D9F}.Release|Any CPU.Build.0 = Release|Any CPU
	EndGlobalSection
	GlobalSection(SolutionProperties) = preSolution
		HideSolutionNode = FALSE
	EndGlobalSection
	GlobalSection(ExtensibilityGlobals) = postSolution
		SolutionGuid = {BCE5FB27-076C-49E0-9E95-80732B3C2C59}
	EndGlobalSection
EndGlobal
